# This file is automatically @generated by Cargo.
# It is not intended for manual editing.
version = 4

[[package]]
name = "binary-codec"
version = "0.6.8"
dependencies = [
 "binary-codec-derive 0.6.8 (registry+https://github.com/rust-lang/crates.io-index)",
]

[[package]]
name = "binary-codec-derive"
version = "0.6.8"
dependencies = [
 "proc-macro2",
 "quote",
 "syn",
]

[[package]]
name = "binary-codec-derive"
version = "0.6.8"
source = "registry+https://github.com/rust-lang/crates.io-index"
checksum = "568bd0a90e790e4a673dff42ae752258ffb47b591db763f17ec9e05e6555d484"
dependencies = [
 "proc-macro2",
 "quote",
 "syn",
]

[[package]]
name = "proc-macro2"
version = "1.0.101"
source = "registry+https://github.com/rust-lang/crates.io-index"
checksum = "89ae43fd86e4158d6db51ad8e2b80f313af9cc74f5c0e03ccb87de09998732de"
dependencies = [
 "unicode-ident",
]

[[package]]
name = "quote"
version = "1.0.40"
source = "registry+https://github.com/rust-lang/crates.io-index"
checksum = "1885c039570dc00dcb4ff087a89e185fd56bae234ddc7f056a945bf36467248d"
dependencies = [
 "proc-macro2",
]

[[package]]
name = "syn"
version = "3.0.5"
source = "registry+https://github.com/rust-lang/crates.io-index"
checksum = "12df2e0110f65b775f769bb17ef989067a1d931b2eb822bd4346631eeada89f9"
dependencies = [
 "proc-macro2",
 "quote",
 "unicode-ident",
]

[[package]]
name = "tests"
version = "0.1.0"
dependencies = [
 "binary-codec",
 "binary-codec-derive 0.6.8",
]

[[package]]
name = "unicode-ident"
version = "1.0.19"
source = "registry+https://github.com/rust-lang/crates.io-index"
checksum = "f63a545481291138910575129486daeaf8ac54aee4387fe7906919f7830c7d9d"
